
Microsoft Visual Studio Solution File, Format Version 12.00
# Visual Studio 15
VisualStudioVersion = 15.0.27130.2010
MinimumVisualStudioVersion = 10.0.40219.1
Project("{2150E333-8FDC-42A3-9474-1A3956D46DE8}") = "src", "src", "{46FB9706-B599-4853-95FD-58E2D553C5F7}"
EndProject
Project("{2150E333-8FDC-42A3-9474-1A3956D46DE8}") = "Solution Items", "Solution Items", "{099E060E-15BC-40EC-8B0B-936F87B98925}"
EndProject
Project("{9A19103F-16F7-4668-BE54-9A1E7A4F7556}") = "cloudscribe.Logging.Web", "src\cloudscribe.Logging.Web\cloudscribe.Logging.Web.csproj", "{4D19E89F-6C1C-4E43-9084-0D95CDFDD625}"
EndProject
Project("{9A19103F-16F7-4668-BE54-9A1E7A4F7556}") = "cloudscribe.Logging.NoDb", "src\cloudscribe.Logging.NoDb\cloudscribe.Logging.NoDb.csproj", "{02878E42-34D0-41E0-88AD-4EC4D1E034D9}"
EndProject
Project("{9A19103F-16F7-4668-BE54-9A1E7A4F7556}") = "cloudscribe.Logging.EFCore.Common", "src\cloudscribe.Logging.EFCore.Common\cloudscribe.Logging.EFCore.Common.csproj", "{0D17DD9B-D820-4CCE-9C83-784E69AADED0}"
EndProject
Project("{9A19103F-16F7-4668-BE54-9A1E7A4F7556}") = "cloudscribe.Logging.EFCore.MSSQL", "src\cloudscribe.Logging.EFCore.MSSQL\cloudscribe.Logging.EFCore.MSSQL.csproj", "{8DA73C1A-8E7E-4832-B476-1503C6080490}"
EndProject
Project("{9A19103F-16F7-4668-BE54-9A1E7A4F7556}") = "cloudscribe.Logging.EFCore.MySql", "src\cloudscribe.Logging.EFCore.MySql\cloudscribe.Logging.EFCore.MySql.csproj", "{BEAF528E-90EA-43B8-9E61-6340B8395EF8}"
EndProject
Project("{9A19103F-16F7-4668-BE54-9A1E7A4F7556}") = "cloudscribe.Logging.EFCore.pgsql", "src\cloudscribe.Logging.EFCore.pgsql\cloudscribe.Logging.EFCore.pgsql.csproj", "{3EFC6E9A-3C47-4B77-B2CE-2DBAFEDCC897}"
EndProject
Project("{9A19103F-16F7-4668-BE54-9A1E7A4F7556}") = "cloudscribe.Logging.EFCore.SQLite", "src\cloudscribe.Logging.EFCore.SQLite\cloudscribe.Logging.EFCore.SQLite.csproj", "{E30B3FF2-DF66-43D0-A445-28F02EBB5C34}"
EndProject
Project("{9A19103F-16F7-4668-BE54-9A1E7A4F7556}") = "cloudscribe.Logging", "src\cloudscribe.Logging\cloudscribe.Logging.csproj", "{1E64CA28-006E-4AD8-BAB4-FB8096C6AC4D}"
EndProject
Project("{9A19103F-16F7-4668-BE54-9A1E7A4F7556}") = "Demo.WebApp", "src\Demo.WebApp\Demo.WebApp.csproj", "{529323E2-AA3A-4350-BDE3-4AC80555FD9A}"
EndProject
Project("{FAE04EC0-301F-11D3-BF4B-00C04F79EFBC}") = "cloudscribe.Logging.EFCore.PostgreSql", "src\cloudscribe.Logging.EFCore.PostgreSql\cloudscribe.Logging.EFCore.PostgreSql.csproj", "{1E3D88DB-4D93-4629-8827-B7C7AA84DE91}"
EndProject
Global
	GlobalSection(SolutionConfigurationPlatforms) = preSolution
		Debug|Any CPU = Debug|Any CPU
		Release|Any CPU = Release|Any CPU
	EndGlobalSection
	GlobalSection(ProjectConfigurationPlatforms) = postSolution
		{4D19E89F-6C1C-4E43-9084-0D95CDFDD625}.Debug|Any CPU.ActiveCfg = Debug|Any CPU
		{4D19E89F-6C1C-4E43-9084-0D95CDFDD625}.Debug|Any CPU.Build.0 = Debug|Any CPU
		{4D19E89F-6C1C-4E43-9084-0D95CDFDD625}.Release|Any CPU.ActiveCfg = Release|Any CPU
		{4D19E89F-6C1C-4E43-9084-0D95CDFDD625}.Release|Any CPU.Build.0 = Release|Any CPU
		{02878E42-34D0-41E0-88AD-4EC4D1E034D9}.Debug|Any CPU.ActiveCfg = Debug|Any CPU
		{02878E42-34D0-41E0-88AD-4EC4D1E034D9}.Debug|Any CPU.Build.0 = Debug|Any CPU
		{02878E42-34D0-41E0-88AD-4EC4D1E034D9}.Release|Any CPU.ActiveCfg = Release|Any CPU
		{02878E42-34D0-41E0-88AD-4EC4D1E034D9}.Release|Any CPU.Build.0 = Release|Any CPU
		{0D17DD9B-D820-4CCE-9C83-784E69AADED0}.Debug|Any CPU.ActiveCfg = Debug|Any CPU
		{0D17DD9B-D820-4CCE-9C83-784E69AADED0}.Debug|Any CPU.Build.0 = Debug|Any CPU
		{0D17DD9B-D820-4CCE-9C83-784E69AADED0}.Release|Any CPU.ActiveCfg = Release|Any CPU
		{0D17DD9B-D820-4CCE-9C83-784E69AADED0}.Release|Any CPU.Build.0 = Release|Any CPU
		{8DA73C1A-8E7E-4832-B476-1503C6080490}.Debug|Any CPU.ActiveCfg = Debug|Any CPU
		{8DA73C1A-8E7E-4832-B476-1503C6080490}.Debug|Any CPU.Build.0 = Debug|Any CPU
		{8DA73C1A-8E7E-4832-B476-1503C6080490}.Release|Any CPU.ActiveCfg = Release|Any CPU
		{8DA73C1A-8E7E-4832-B476-1503C6080490}.Release|Any CPU.Build.0 = Release|Any CPU
		{BEAF528E-90EA-43B8-9E61-6340B8395EF8}.Debug|Any CPU.ActiveCfg = Debug|Any CPU
		{BEAF528E-90EA-43B8-9E61-6340B8395EF8}.Debug|Any CPU.Build.0 = Debug|Any CPU
		{BEAF528E-90EA-43B8-9E61-6340B8395EF8}.Release|Any CPU.ActiveCfg = Release|Any CPU
		{BEAF528E-90EA-43B8-9E61-6340B8395EF8}.Release|Any CPU.Build.0 = Release|Any CPU
		{3EFC6E9A-3C47-4B77-B2CE-2DBAFEDCC897}.Debug|Any CPU.ActiveCfg = Debug|Any CPU
		{3EFC6E9A-3C47-4B77-B2CE-2DBAFEDCC897}.Debug|Any CPU.Build.0 = Debug|Any CPU
		{3EFC6E9A-3C47-4B77-B2CE-2DBAFEDCC897}.Release|Any CPU.ActiveCfg = Release|Any CPU
		{3EFC6E9A-3C47-4B77-B2CE-2DBAFEDCC897}.Release|Any CPU.Build.0 = Release|Any CPU
		{E30B3FF2-DF66-43D0-A445-28F02EBB5C34}.Debug|Any CPU.ActiveCfg = Debug|Any CPU
		{E30B3FF2-DF66-43D0-A445-28F02EBB5C34}.Debug|Any CPU.Build.0 = Debug|Any CPU
		{E30B3FF2-DF66-43D0-A445-28F02EBB5C34}.Release|Any CPU.ActiveCfg = Release|Any CPU
		{E30B3FF2-DF66-43D0-A445-28F02EBB5C34}.Release|Any CPU.Build.0 = Release|Any CPU
		{1E64CA28-006E-4AD8-BAB4-FB8096C6AC4D}.Debug|Any CPU.ActiveCfg = Debug|Any CPU
		{1E64CA28-006E-4AD8-BAB4-FB8096C6AC4D}.Debug|Any CPU.Build.0 = Debug|Any CPU
		{1E64CA28-006E-4AD8-BAB4-FB8096C6AC4D}.Release|Any CPU.ActiveCfg = Release|Any CPU
		{1E64CA28-006E-4AD8-BAB4-FB8096C6AC4D}.Release|Any CPU.Build.0 = Release|Any CPU
		{529323E2-AA3A-4350-BDE3-4AC80555FD9A}.Debug|Any CPU.ActiveCfg = Debug|Any CPU
		{529323E2-AA3A-4350-BDE3-4AC80555FD9A}.Debug|Any CPU.Build.0 = Debug|Any CPU
		{529323E2-AA3A-4350-BDE3-4AC80555FD9A}.Release|Any CPU.ActiveCfg = Release|Any CPU
		{529323E2-AA3A-4350-BDE3-4AC80555FD9A}.Release|Any CPU.Build.0 = Release|Any CPU
		{1E3D88DB-4D93-4629-8827-B7C7AA84DE91}.Debug|Any CPU.ActiveCfg = Debug|Any CPU
		{1E3D88DB-4D93-4629-8827-B7C7AA84DE91}.Debug|Any CPU.Build.0 = Debug|Any CPU
		{1E3D88DB-4D93-4629-8827-B7C7AA84DE91}.Release|Any CPU.ActiveCfg = Release|Any CPU
		{1E3D88DB-4D93-4629-8827-B7C7AA84DE91}.Release|Any CPU.Build.0 = Release|Any CPU
	EndGlobalSection
	GlobalSection(SolutionProperties) = preSolution
		HideSolutionNode = FALSE
	EndGlobalSection
	GlobalSection(NestedProjects) = preSolution
		{4D19E89F-6C1C-4E43-9084-0D95CDFDD625} = {46FB9706-B599-4853-95FD-58E2D553C5F7}
		{02878E42-34D0-41E0-88AD-4EC4D1E034D9} = {46FB9706-B599-4853-95FD-58E2D553C5F7}
		{0D17DD9B-D820-4CCE-9C83-784E69AADED0} = {46FB9706-B599-4853-95FD-58E2D553C5F7}
		{8DA73C1A-8E7E-4832-B476-1503C6080490} = {46FB9706-B599-4853-95FD-58E2D553C5F7}
		{BEAF528E-90EA-43B8-9E61-6340B8395EF8} = {46FB9706-B599-4853-95FD-58E2D553C5F7}
		{3EFC6E9A-3C47-4B77-B2CE-2DBAFEDCC897} = {46FB9706-B599-4853-95FD-58E2D553C5F7}
		{E30B3FF2-DF66-43D0-A445-28F02EBB5C34} = {46FB9706-B599-4853-95FD-58E2D553C5F7}
		{1E64CA28-006E-4AD8-BAB4-FB8096C6AC4D} = {46FB9706-B599-4853-95FD-58E2D553C5F7}
		{529323E2-AA3A-4350-BDE3-4AC80555FD9A} = {46FB9706-B599-4853-95FD-58E2D553C5F7}
		{1E3D88DB-4D93-4629-8827-B7C7AA84DE91} = {46FB9706-B599-4853-95FD-58E2D553C5F7}
	EndGlobalSection
	GlobalSection(ExtensibilityGlobals) = postSolution
		SolutionGuid = {250D3680-EF91-4B71-9B2A-37F6F1EF76EF}
	EndGlobalSection
EndGlobal
