
Microsoft Visual Studio Solution File, Format Version 12.00
# Visual Studio 14
VisualStudioVersion = 14.0.24720.0
MinimumVisualStudioVersion = 10.0.40219.1
Project("{2150E333-8FDC-42A3-9474-1A3956D46DE8}") = "src", "src", "{C2E738DF-90C4-441F-98F1-17E07801B581}"
EndProject
Project("{2150E333-8FDC-42A3-9474-1A3956D46DE8}") = "Solution Items", "Solution Items", "{2EB4D89E-55BD-4804-9DB9-2F1FA770BABA}"
	ProjectSection(SolutionItems) = preProject
		global.json = global.json
	EndProjectSection
EndProject
Project("{8BB2217D-0F2D-49D1-97BC-3654ED321F3B}") = "cloudscribe.Logging.Web", "src\cloudscribe.Logging.Web\cloudscribe.Logging.Web.xproj", "{B2E8A527-EFA8-4581-A7B9-D6F1BF35A38E}"
EndProject
Project("{8BB2217D-0F2D-49D1-97BC-3654ED321F3B}") = "cloudscribe.Logging.EF", "src\cloudscribe.Logging.EF\cloudscribe.Logging.EF.xproj", "{C753B1D4-BC93-4A56-8AE3-C9C5FFC5B10D}"
EndProject
Project("{8BB2217D-0F2D-49D1-97BC-3654ED321F3B}") = "cloudscribe.Logging.Firebird", "src\cloudscribe.Logging.Firebird\cloudscribe.Logging.Firebird.xproj", "{41C2A6E9-7176-457C-80D3-25A8E4CC2A43}"
EndProject
Project("{8BB2217D-0F2D-49D1-97BC-3654ED321F3B}") = "cloudscribe.Logging.MSSQL", "src\cloudscribe.Logging.MSSQL\cloudscribe.Logging.MSSQL.xproj", "{60FDCAAF-2DA9-415D-BD2C-62ED4E902A85}"
EndProject
Project("{8BB2217D-0F2D-49D1-97BC-3654ED321F3B}") = "cloudscribe.Logging.MySql", "src\cloudscribe.Logging.MySql\cloudscribe.Logging.MySql.xproj", "{4A985A62-9685-4CEC-B42F-97DF7B23E7B7}"
EndProject
Project("{8BB2217D-0F2D-49D1-97BC-3654ED321F3B}") = "cloudscribe.Logging.pgsql", "src\cloudscribe.Logging.pgsql\cloudscribe.Logging.pgsql.xproj", "{753A4D12-35F6-4196-A29D-7F361BA2511B}"
EndProject
Project("{8BB2217D-0F2D-49D1-97BC-3654ED321F3B}") = "cloudscribe.Logging.SqlCe", "src\cloudscribe.Logging.SqlCe\cloudscribe.Logging.SqlCe.xproj", "{672D0FE7-7803-4019-94A1-C3D5C7F71073}"
EndProject
Project("{8BB2217D-0F2D-49D1-97BC-3654ED321F3B}") = "cloudscribe.Logging.Sqlite", "src\cloudscribe.Logging.Sqlite\cloudscribe.Logging.Sqlite.xproj", "{02043A6E-3DC5-4ED8-B38A-BA50CDF70C2C}"
EndProject
Global
	GlobalSection(SolutionConfigurationPlatforms) = preSolution
		Debug|Any CPU = Debug|Any CPU
		Release|Any CPU = Release|Any CPU
	EndGlobalSection
	GlobalSection(ProjectConfigurationPlatforms) = postSolution
		{B2E8A527-EFA8-4581-A7B9-D6F1BF35A38E}.Debug|Any CPU.ActiveCfg = Debug|Any CPU
		{B2E8A527-EFA8-4581-A7B9-D6F1BF35A38E}.Debug|Any CPU.Build.0 = Debug|Any CPU
		{B2E8A527-EFA8-4581-A7B9-D6F1BF35A38E}.Release|Any CPU.ActiveCfg = Release|Any CPU
		{B2E8A527-EFA8-4581-A7B9-D6F1BF35A38E}.Release|Any CPU.Build.0 = Release|Any CPU
		{C753B1D4-BC93-4A56-8AE3-C9C5FFC5B10D}.Debug|Any CPU.ActiveCfg = Debug|Any CPU
		{C753B1D4-BC93-4A56-8AE3-C9C5FFC5B10D}.Debug|Any CPU.Build.0 = Debug|Any CPU
		{C753B1D4-BC93-4A56-8AE3-C9C5FFC5B10D}.Release|Any CPU.ActiveCfg = Release|Any CPU
		{C753B1D4-BC93-4A56-8AE3-C9C5FFC5B10D}.Release|Any CPU.Build.0 = Release|Any CPU
		{41C2A6E9-7176-457C-80D3-25A8E4CC2A43}.Debug|Any CPU.ActiveCfg = Debug|Any CPU
		{41C2A6E9-7176-457C-80D3-25A8E4CC2A43}.Debug|Any CPU.Build.0 = Debug|Any CPU
		{41C2A6E9-7176-457C-80D3-25A8E4CC2A43}.Release|Any CPU.ActiveCfg = Release|Any CPU
		{41C2A6E9-7176-457C-80D3-25A8E4CC2A43}.Release|Any CPU.Build.0 = Release|Any CPU
		{60FDCAAF-2DA9-415D-BD2C-62ED4E902A85}.Debug|Any CPU.ActiveCfg = Debug|Any CPU
		{60FDCAAF-2DA9-415D-BD2C-62ED4E902A85}.Debug|Any CPU.Build.0 = Debug|Any CPU
		{60FDCAAF-2DA9-415D-BD2C-62ED4E902A85}.Release|Any CPU.ActiveCfg = Release|Any CPU
		{60FDCAAF-2DA9-415D-BD2C-62ED4E902A85}.Release|Any CPU.Build.0 = Release|Any CPU
		{4A985A62-9685-4CEC-B42F-97DF7B23E7B7}.Debug|Any CPU.ActiveCfg = Debug|Any CPU
		{4A985A62-9685-4CEC-B42F-97DF7B23E7B7}.Debug|Any CPU.Build.0 = Debug|Any CPU
		{4A985A62-9685-4CEC-B42F-97DF7B23E7B7}.Release|Any CPU.ActiveCfg = Release|Any CPU
		{4A985A62-9685-4CEC-B42F-97DF7B23E7B7}.Release|Any CPU.Build.0 = Release|Any CPU
		{753A4D12-35F6-4196-A29D-7F361BA2511B}.Debug|Any CPU.ActiveCfg = Debug|Any CPU
		{753A4D12-35F6-4196-A29D-7F361BA2511B}.Debug|Any CPU.Build.0 = Debug|Any CPU
		{753A4D12-35F6-4196-A29D-7F361BA2511B}.Release|Any CPU.ActiveCfg = Release|Any CPU
		{753A4D12-35F6-4196-A29D-7F361BA2511B}.Release|Any CPU.Build.0 = Release|Any CPU
		{672D0FE7-7803-4019-94A1-C3D5C7F71073}.Debug|Any CPU.ActiveCfg = Debug|Any CPU
		{672D0FE7-7803-4019-94A1-C3D5C7F71073}.Debug|Any CPU.Build.0 = Debug|Any CPU
		{672D0FE7-7803-4019-94A1-C3D5C7F71073}.Release|Any CPU.ActiveCfg = Release|Any CPU
		{672D0FE7-7803-4019-94A1-C3D5C7F71073}.Release|Any CPU.Build.0 = Release|Any CPU
		{02043A6E-3DC5-4ED8-B38A-BA50CDF70C2C}.Debug|Any CPU.ActiveCfg = Debug|Any CPU
		{02043A6E-3DC5-4ED8-B38A-BA50CDF70C2C}.Debug|Any CPU.Build.0 = Debug|Any CPU
		{02043A6E-3DC5-4ED8-B38A-BA50CDF70C2C}.Release|Any CPU.ActiveCfg = Release|Any CPU
		{02043A6E-3DC5-4ED8-B38A-BA50CDF70C2C}.Release|Any CPU.Build.0 = Release|Any CPU
	EndGlobalSection
	GlobalSection(SolutionProperties) = preSolution
		HideSolutionNode = FALSE
	EndGlobalSection
	GlobalSection(NestedProjects) = preSolution
		{B2E8A527-EFA8-4581-A7B9-D6F1BF35A38E} = {C2E738DF-90C4-441F-98F1-17E07801B581}
		{C753B1D4-BC93-4A56-8AE3-C9C5FFC5B10D} = {C2E738DF-90C4-441F-98F1-17E07801B581}
		{41C2A6E9-7176-457C-80D3-25A8E4CC2A43} = {C2E738DF-90C4-441F-98F1-17E07801B581}
		{60FDCAAF-2DA9-415D-BD2C-62ED4E902A85} = {C2E738DF-90C4-441F-98F1-17E07801B581}
		{4A985A62-9685-4CEC-B42F-97DF7B23E7B7} = {C2E738DF-90C4-441F-98F1-17E07801B581}
		{753A4D12-35F6-4196-A29D-7F361BA2511B} = {C2E738DF-90C4-441F-98F1-17E07801B581}
		{672D0FE7-7803-4019-94A1-C3D5C7F71073} = {C2E738DF-90C4-441F-98F1-17E07801B581}
		{02043A6E-3DC5-4ED8-B38A-BA50CDF70C2C} = {C2E738DF-90C4-441F-98F1-17E07801B581}
	EndGlobalSection
EndGlobal
